
Microsoft Visual Studio Solution File, Format Version 12.00
# Visual Studio Version 17
VisualStudioVersion = 17.14.36221.1 d17.14
MinimumVisualStudioVersion = 10.0.40219.1
Project("{8BC9CEB8-8B4A-11D0-8D11-00A0C91BC942}") = "Client", "Client.vcxproj", "{292A08D3-7BB1-486C-8D74-BE25B93FC36D}"
EndProject
Global
	GlobalSection(SolutionConfigurationPlatforms) = preSolution
		Debug|x64 = Debug|x64
		Debug|x86 = Debug|x86
		Release|x64 = Release|x64
		Release|x86 = Release|x86
	EndGlobalSection
	GlobalSection(ProjectConfigurationPlatforms) = postSolution
		{292A08D3-7BB1-486C-8D74-BE25B93FC36D}.Debug|x64.ActiveCfg = Debug|x64
		{292A08D3-7BB1-486C-8D74-BE25B93FC36D}.Debug|x64.Build.0 = Debug|x64
		{292A08D3-7BB1-486C-8D74-BE25B93FC36D}.Debug|x86.ActiveCfg = Debug|Win32
		{292A08D3-7BB1-486C-8D74-BE25B93FC36D}.Debug|x86.Build.0 = Debug|Win32
		{292A08D3-7BB1-486C-8D74-BE25B93FC36D}.Release|x64.ActiveCfg = Release|x64
		{292A08D3-7BB1-486C-8D74-BE25B93FC36D}.Release|x64.Build.0 = Release|x64
		{292A08D3-7BB1-486C-8D74-BE25B93FC36D}.Release|x86.ActiveCfg = Release|Win32
		{292A08D3-7BB1-486C-8D74-BE25B93FC36D}.Release|x86.Build.0 = Release|Win32
	EndGlobalSection
	GlobalSection(SolutionProperties) = preSolution
		HideSolutionNode = FALSE
	EndGlobalSection
	GlobalSection(ExtensibilityGlobals) = postSolution
		SolutionGuid = {5B15E06A-2B6E-42E1-B462-B458BBF8FD18}
	EndGlobalSection
EndGlobal
